// !$*UTF8*$!
{
	archiveVersion = 1;
	classes = {
	};
	objectVersion = 56;
	objects = {

/* Begin PBXBuildFile section */
		B81763BA2B019B6E000DA7DC /* AppDelegate.swift in Sources */ = {isa = PBXBuildFile; fileRef = B81763B92B019B6E000DA7DC /* AppDelegate.swift */; };
		B81763BC2B019B6E000DA7DC /* SceneDelegate.swift in Sources */ = {isa = PBXBuildFile; fileRef = B81763BB2B019B6E000DA7DC /* SceneDelegate.swift */; };
		B81763C12B019B6E000DA7DC /* Main.storyboard in Resources */ = {isa = PBXBuildFile; fileRef = B81763BF2B019B6E000DA7DC /* Main.storyboard */; };
		B81763C32B019B6F000DA7DC /* Assets.xcassets in Resources */ = {isa = PBXBuildFile; fileRef = B81763C22B019B6F000DA7DC /* Assets.xcassets */; };
		B81763C62B019B6F000DA7DC /* LaunchScreen.storyboard in Resources */ = {isa = PBXBuildFile; fileRef = B81763C42B019B6F000DA7DC /* LaunchScreen.storyboard */; };
		B81763D02B01A3EE000DA7DC /* MainVC.swift in Sources */ = {isa = PBXBuildFile; fileRef = B81763CF2B01A3EE000DA7DC /* MainVC.swift */; };
		B81763D22B01B836000DA7DC /* TextVC.swift in Sources */ = {isa = PBXBuildFile; fileRef = B81763D12B01B836000DA7DC /* TextVC.swift */; };
		B8C435112B01F6D7009E21C3 /* Drafts.swift in Sources */ = {isa = PBXBuildFile; fileRef = B8C435102B01F6D7009E21C3 /* Drafts.swift */; };
		B8C435152B01FE08009E21C3 /* ImageVC.swift in Sources */ = {isa = PBXBuildFile; fileRef = B8C435142B01FE08009E21C3 /* ImageVC.swift */; };
		B8C435182B02AFB8009E21C3 /* TextRecognizer.swift in Sources */ = {isa = PBXBuildFile; fileRef = B8C435172B02AFB8009E21C3 /* TextRecognizer.swift */; };
		B8C4351B2B02CB87009E21C3 /* Extensions.swift in Sources */ = {isa = PBXBuildFile; fileRef = B8C4351A2B02CB87009E21C3 /* Extensions.swift */; };
/* End PBXBuildFile section */

/* Begin PBXFileReference section */
		B81763B62B019B6E000DA7DC /* MA.app */ = {isa = PBXFileReference; explicitFileType = wrapper.application; includeInIndex = 0; path = MA.app; sourceTree = BUILT_PRODUCTS_DIR; };
		B81763B92B019B6E000DA7DC /* AppDelegate.swift */ = {isa = PBXFileReference; lastKnownFileType = sourcecode.swift; path = AppDelegate.swift; sourceTree = "<group>"; };
		B81763BB2B019B6E000DA7DC /* SceneDelegate.swift */ = {isa = PBXFileReference; lastKnownFileType = sourcecode.swift; path = SceneDelegate.swift; sourceTree = "<group>"; };
		B81763C02B019B6E000DA7DC /* Base */ = {isa = PBXFileReference; lastKnownFileType = file.storyboard; name = Base; path = Base.lproj/Main.storyboard; sourceTree = "<group>"; };
		B81763C22B019B6F000DA7DC /* Assets.xcassets */ = {isa = PBXFileReference; lastKnownFileType = folder.assetcatalog; path = Assets.xcassets; sourceTree = "<group>"; };
		B81763C52B019B6F000DA7DC /* Base */ = {isa = PBXFileReference; lastKnownFileType = file.storyboard; name = Base; path = Base.lproj/LaunchScreen.storyboard; sourceTree = "<group>"; };
		B81763C72B019B6F000DA7DC /* Info.plist */ = {isa = PBXFileReference; lastKnownFileType = text.plist.xml; path = Info.plist; sourceTree = "<group>"; };
		B81763CF2B01A3EE000DA7DC /* MainVC.swift */ = {isa = PBXFileReference; lastKnownFileType = sourcecode.swift; path = MainVC.swift; sourceTree = "<group>"; };
		B81763D12B01B836000DA7DC /* TextVC.swift */ = {isa = PBXFileReference; lastKnownFileType = sourcecode.swift; path = TextVC.swift; sourceTree = "<group>"; };
		B8C435102B01F6D7009E21C3 /* Drafts.swift */ = {isa = PBXFileReference; lastKnownFileType = sourcecode.swift; path = Drafts.swift; sourceTree = "<group>"; };
		B8C435142B01FE08009E21C3 /* ImageVC.swift */ = {isa = PBXFileReference; lastKnownFileType = sourcecode.swift; path = ImageVC.swift; sourceTree = "<group>"; };
		B8C435172B02AFB8009E21C3 /* TextRecognizer.swift */ = {isa = PBXFileReference; lastKnownFileType = sourcecode.swift; path = TextRecognizer.swift; sourceTree = "<group>"; };
		B8C4351A2B02CB87009E21C3 /* Extensions.swift */ = {isa = PBXFileReference; lastKnownFileType = sourcecode.swift; path = Extensions.swift; sourceTree = "<group>"; };
/* End PBXFileReference section */

/* Begin PBXFrameworksBuildPhase section */
		B81763B32B019B6E000DA7DC /* Frameworks */ = {
			isa = PBXFrameworksBuildPhase;
			buildActionMask = 2147483647;
			files = (
			);
			runOnlyForDeploymentPostprocessing = 0;
		};
/* End PBXFrameworksBuildPhase section */

/* Begin PBXGroup section */
		B81763AD2B019B6E000DA7DC = {
			isa = PBXGroup;
			children = (
				B81763B82B019B6E000DA7DC /* MA */,
				B81763B72B019B6E000DA7DC /* Products */,
			);
			sourceTree = "<group>";
		};
		B81763B72B019B6E000DA7DC /* Products */ = {
			isa = PBXGroup;
			children = (
				B81763B62B019B6E000DA7DC /* MA.app */,
			);
			name = Products;
			sourceTree = "<group>";
		};
		B81763B82B019B6E000DA7DC /* MA */ = {
			isa = PBXGroup;
			children = (
				B8C435162B02AF8F009E21C3 /* Functions */,
				B8C4351C2B02CC3F009E21C3 /* VC */,
				B8C435122B01F940009E21C3 /* Screen */,
				B8C435192B02CB66009E21C3 /* Extensions */,
				B81763C22B019B6F000DA7DC /* Assets.xcassets */,
				B81763C72B019B6F000DA7DC /* Info.plist */,
				B81763B92B019B6E000DA7DC /* AppDelegate.swift */,
				B81763BB2B019B6E000DA7DC /* SceneDelegate.swift */,
				B8C4350F2B01F6BF009E21C3 /* Notes */,
			);
			path = MA;
			sourceTree = "<group>";
		};
		B8C4350F2B01F6BF009E21C3 /* Notes */ = {
			isa = PBXGroup;
			children = (
				B8C435102B01F6D7009E21C3 /* Drafts.swift */,
			);
			path = Notes;
			sourceTree = "<group>";
		};
		B8C435122B01F940009E21C3 /* Screen */ = {
			isa = PBXGroup;
			children = (
				B81763BF2B019B6E000DA7DC /* Main.storyboard */,
				B81763C42B019B6F000DA7DC /* LaunchScreen.storyboard */,
			);
			path = Screen;
			sourceTree = "<group>";
		};
		B8C435162B02AF8F009E21C3 /* Functions */ = {
			isa = PBXGroup;
			children = (
				B8C435172B02AFB8009E21C3 /* TextRecognizer.swift */,
			);
			path = Functions;
			sourceTree = "<group>";
		};
		B8C435192B02CB66009E21C3 /* Extensions */ = {
			isa = PBXGroup;
			children = (
				B8C4351A2B02CB87009E21C3 /* Extensions.swift */,
			);
			path = Extensions;
			sourceTree = "<group>";
		};
		B8C4351C2B02CC3F009E21C3 /* VC */ = {
			isa = PBXGroup;
			children = (
				B81763D12B01B836000DA7DC /* TextVC.swift */,
				B8C435142B01FE08009E21C3 /* ImageVC.swift */,
				B81763CF2B01A3EE000DA7DC /* MainVC.swift */,
			);
			path = VC;
			sourceTree = "<group>";
		};
/* End PBXGroup section */

/* Begin PBXNativeTarget section */
		B81763B52B019B6E000DA7DC /* MA */ = {
			isa = PBXNativeTarget;
			buildConfigurationList = B81763CA2B019B6F000DA7DC /* Build configuration list for PBXNativeTarget "MA" */;
			buildPhases = (
				B81763B22B019B6E000DA7DC /* Sources */,
				B81763B32B019B6E000DA7DC /* Frameworks */,
				B81763B42B019B6E000DA7DC /* Resources */,
			);
			buildRules = (
			);
			dependencies = (
			);
			name = MA;
			productName = MA;
			productReference = B81763B62B019B6E000DA7DC /* MA.app */;
			productType = "com.apple.product-type.application";
		};
/* End PBXNativeTarget section */

/* Begin PBXProject section */
		B81763AE2B019B6E000DA7DC /* Project object */ = {
			isa = PBXProject;
			attributes = {
				BuildIndependentTargetsInParallel = 1;
				LastSwiftUpdateCheck = 1500;
				LastUpgradeCheck = 1500;
				TargetAttributes = {
					B81763B52B019B6E000DA7DC = {
						CreatedOnToolsVersion = 15.0.1;
					};
				};
			};
			buildConfigurationList = B81763B12B019B6E000DA7DC /* Build configuration list for PBXProject "MA" */;
			compatibilityVersion = "Xcode 14.0";
			developmentRegion = en;
			hasScannedForEncodings = 0;
			knownRegions = (
				en,
				Base,
			);
			mainGroup = B81763AD2B019B6E000DA7DC;
			productRefGroup = B81763B72B019B6E000DA7DC /* Products */;
			projectDirPath = "";
			projectRoot = "";
			targets = (
				B81763B52B019B6E000DA7DC /* MA */,
			);
		};
/* End PBXProject section */

/* Begin PBXResourcesBuildPhase section */
		B81763B42B019B6E000DA7DC /* Resources */ = {
			isa = PBXResourcesBuildPhase;
			buildActionMask = 2147483647;
			files = (
				B81763C62B019B6F000DA7DC /* LaunchScreen.storyboard in Resources */,
				B81763C32B019B6F000DA7DC /* Assets.xcassets in Resources */,
				B81763C12B019B6E000DA7DC /* Main.storyboard in Resources */,
			);
			runOnlyForDeploymentPostprocessing = 0;
		};
/* End PBXResourcesBuildPhase section */

/* Begin PBXSourcesBuildPhase section */
		B81763B22B019B6E000DA7DC /* Sources */ = {
			isa = PBXSourcesBuildPhase;
			buildActionMask = 2147483647;
			files = (
				B81763BA2B019B6E000DA7DC /* AppDelegate.swift in Sources */,
				B81763D22B01B836000DA7DC /* TextVC.swift in Sources */,
				B8C435152B01FE08009E21C3 /* ImageVC.swift in Sources */,
				B8C4351B2B02CB87009E21C3 /* Extensions.swift in Sources */,
				B81763D02B01A3EE000DA7DC /* MainVC.swift in Sources */,
				B8C435112B01F6D7009E21C3 /* Drafts.swift in Sources */,
				B8C435182B02AFB8009E21C3 /* TextRecognizer.swift in Sources */,
				B81763BC2B019B6E000DA7DC /* SceneDelegate.swift in Sources */,
			);
			runOnlyForDeploymentPostprocessing = 0;
		};
/* End PBXSourcesBuildPhase section */

/* Begin PBXVariantGroup section */
		B81763BF2B019B6E000DA7DC /* Main.storyboard */ = {
			isa = PBXVariantGroup;
			children = (
				B81763C02B019B6E000DA7DC /* Base */,
			);
			name = Main.storyboard;
			sourceTree = "<group>";
		};
		B81763C42B019B6F000DA7DC /* LaunchScreen.storyboard */ = {
			isa = PBXVariantGroup;
			children = (
				B81763C52B019B6F000DA7DC /* Base */,
			);
			name = LaunchScreen.storyboard;
			sourceTree = "<group>";
		};
/* End PBXVariantGroup section */

/* Begin XCBuildConfiguration section */
		B81763C82B019B6F000DA7DC /* Debug */ = {
			isa = XCBuildConfiguration;
			buildSettings = {
				ALWAYS_SEARCH_USER_PATHS = NO;
				ASSETCATALOG_COMPILER_GENERATE_SWIFT_ASSET_SYMBOL_EXTENSIONS = YES;
				CLANG_ANALYZER_NONNULL = YES;
				CLANG_ANALYZER_NUMBER_OBJECT_CONVERSION = YES_AGGRESSIVE;
				CLANG_CXX_LANGUAGE_STANDARD = "gnu++20";
				CLANG_ENABLE_MODULES = YES;
				CLANG_ENABLE_OBJC_ARC = YES;
				CLANG_ENABLE_OBJC_WEAK = YES;
				CLANG_WARN_BLOCK_CAPTURE_AUTORELEASING = YES;
				CLANG_WARN_BOOL_CONVERSION = YES;
				CLANG_WARN_COMMA = YES;
				CLANG_WARN_CONSTANT_CONVERSION = YES;
				CLANG_WARN_DEPRECATED_OBJC_IMPLEMENTATIONS = YES;
				CLANG_WARN_DIRECT_OBJC_ISA_USAGE = YES_ERROR;
				CLANG_WARN_DOCUMENTATION_COMMENTS = YES;
				CLANG_WARN_EMPTY_BODY = YES;
				CLANG_WARN_ENUM_CONVERSION = YES;
				CLANG_WARN_INFINITE_RECURSION = YES;
				CLANG_WARN_INT_CONVERSION = YES;
				CLANG_WARN_NON_LITERAL_NULL_CONVERSION = YES;
				CLANG_WARN_OBJC_IMPLICIT_RETAIN_SELF = YES;
				CLANG_WARN_OBJC_LITERAL_CONVERSION = YES;
				CLANG_WARN_OBJC_ROOT_CLASS = YES_ERROR;
				CLANG_WARN_QUOTED_INCLUDE_IN_FRAMEWORK_HEADER = YES;
				CLANG_WARN_RANGE_LOOP_ANALYSIS = YES;
				CLANG_WARN_STRICT_PROTOTYPES = YES;
				CLANG_WARN_SUSPICIOUS_MOVE = YES;
				CLANG_WARN_UNGUARDED_AVAILABILITY = YES_AGGRESSIVE;
				CLANG_WARN_UNREACHABLE_CODE = YES;
				CLANG_WARN__DUPLICATE_METHOD_MATCH = YES;
				COPY_PHASE_STRIP = NO;
				DEBUG_INFORMATION_FORMAT = dwarf;
				ENABLE_STRICT_OBJC_MSGSEND = YES;
				ENABLE_TESTABILITY = YES;
				ENABLE_USER_SCRIPT_SANDBOXING = YES;
				GCC_C_LANGUAGE_STANDARD = gnu17;
				GCC_DYNAMIC_NO_PIC = NO;
				GCC_NO_COMMON_BLOCKS = YES;
				GCC_OPTIMIZATION_LEVEL = 0;
				GCC_PREPROCESSOR_DEFINITIONS = (
					"DEBUG=1",
					"$(inherited)",
				);
				GCC_WARN_64_TO_32_BIT_CONVERSION = YES;
				GCC_WARN_ABOUT_RETURN_TYPE = YES_ERROR;
				GCC_WARN_UNDECLARED_SELECTOR = YES;
				GCC_WARN_UNINITIALIZED_AUTOS = YES_AGGRESSIVE;
				GCC_WARN_UNUSED_FUNCTION = YES;
				GCC_WARN_UNUSED_VARIABLE = YES;
				IPHONEOS_DEPLOYMENT_TARGET = 17.0;
				LOCALIZATION_PREFERS_STRING_CATALOGS = YES;
				MTL_ENABLE_DEBUG_INFO = INCLUDE_SOURCE;
				MTL_FAST_MATH = YES;
				ONLY_ACTIVE_ARCH = YES;
				SDKROOT = iphoneos;
				SWIFT_ACTIVE_COMPILATION_CONDITIONS = "DEBUG $(inherited)";
				SWIFT_OPTIMIZATION_LEVEL = "-Onone";
			};
			name = Debug;
		};
		B81763C92B019B6F000DA7DC /* Release */ = {
			isa = XCBuildConfiguration;
			buildSettings = {
				ALWAYS_SEARCH_USER_PATHS = NO;
				ASSETCATALOG_COMPILER_GENERATE_SWIFT_ASSET_SYMBOL_EXTENSIONS = YES;
				CLANG_ANALYZER_NONNULL = YES;
				CLANG_ANALYZER_NUMBER_OBJECT_CONVERSION = YES_AGGRESSIVE;
				CLANG_CXX_LANGUAGE_STANDARD = "gnu++20";
				CLANG_ENABLE_MODULES = YES;
				CLANG_ENABLE_OBJC_ARC = YES;
				CLANG_ENABLE_OBJC_WEAK = YES;
				CLANG_WARN_BLOCK_CAPTURE_AUTORELEASING = YES;
				CLANG_WARN_BOOL_CONVERSION = YES;
				CLANG_WARN_COMMA = YES;
				CLANG_WARN_CONSTANT_CONVERSION = YES;
				CLANG_WARN_DEPRECATED_OBJC_IMPLEMENTATIONS = YES;
				CLANG_WARN_DIRECT_OBJC_ISA_USAGE = YES_ERROR;
				CLANG_WARN_DOCUMENTATION_COMMENTS = YES;
				CLANG_WARN_EMPTY_BODY = YES;
				CLANG_WARN_ENUM_CONVERSION = YES;
				CLANG_WARN_INFINITE_RECURSION = YES;
				CLANG_WARN_INT_CONVERSION = YES;
				CLANG_WARN_NON_LITERAL_NULL_CONVERSION = YES;
				CLANG_WARN_OBJC_IMPLICIT_RETAIN_SELF = YES;
				CLANG_WARN_OBJC_LITERAL_CONVERSION = YES;
				CLANG_WARN_OBJC_ROOT_CLASS = YES_ERROR;
				CLANG_WARN_QUOTED_INCLUDE_IN_FRAMEWORK_HEADER = YES;
				CLANG_WARN_RANGE_LOOP_ANALYSIS = YES;
				CLANG_WARN_STRICT_PROTOTYPES = YES;
				CLANG_WARN_SUSPICIOUS_MOVE = YES;
				CLANG_WARN_UNGUARDED_AVAILABILITY = YES_AGGRESSIVE;
				CLANG_WARN_UNREACHABLE_CODE = YES;
				CLANG_WARN__DUPLICATE_METHOD_MATCH = YES;
				COPY_PHASE_STRIP = NO;
				DEBUG_INFORMATION_FORMAT = "dwarf-with-dsym";
				ENABLE_NS_ASSERTIONS = NO;
				ENABLE_STRICT_OBJC_MSGSEND = YES;
				ENABLE_USER_SCRIPT_SANDBOXING = YES;
				GCC_C_LANGUAGE_STANDARD = gnu17;
				GCC_NO_COMMON_BLOCKS = YES;
				GCC_WARN_64_TO_32_BIT_CONVERSION = YES;
				GCC_WARN_ABOUT_RETURN_TYPE = YES_ERROR;
				GCC_WARN_UNDECLARED_SELECTOR = YES;
				GCC_WARN_UNINITIALIZED_AUTOS = YES_AGGRESSIVE;
				GCC_WARN_UNUSED_FUNCTION = YES;
				GCC_WARN_UNUSED_VARIABLE = YES;
				IPHONEOS_DEPLOYMENT_TARGET = 17.0;
				LOCALIZATION_PREFERS_STRING_CATALOGS = YES;
				MTL_ENABLE_DEBUG_INFO = NO;
				MTL_FAST_MATH = YES;
				SDKROOT = iphoneos;
				SWIFT_COMPILATION_MODE = wholemodule;
				VALIDATE_PRODUCT = YES;
			};
			name = Release;
		};
		B81763CB2B019B6F000DA7DC /* Debug */ = {
			isa = XCBuildConfiguration;
			buildSettings = {
				ASSETCATALOG_COMPILER_APPICON_NAME = AppIcon;
				ASSETCATALOG_COMPILER_GLOBAL_ACCENT_COLOR_NAME = AccentColor;
				CODE_SIGN_STYLE = Automatic;
				CURRENT_PROJECT_VERSION = 1;
				DEVELOPMENT_TEAM = 88QZAZUV46;
				GENERATE_INFOPLIST_FILE = YES;
				INFOPLIST_FILE = MA/Info.plist;
				INFOPLIST_KEY_UIApplicationSupportsIndirectInputEvents = YES;
				INFOPLIST_KEY_UILaunchStoryboardName = LaunchScreen;
				INFOPLIST_KEY_UIMainStoryboardFile = Main;
				INFOPLIST_KEY_UISupportedInterfaceOrientations_iPad = "UIInterfaceOrientationPortrait UIInterfaceOrientationPortraitUpsideDown UIInterfaceOrientationLandscapeLeft UIInterfaceOrientationLandscapeRight";
				INFOPLIST_KEY_UISupportedInterfaceOrientations_iPhone = "UIInterfaceOrientationPortrait UIInterfaceOrientationLandscapeLeft UIInterfaceOrientationLandscapeRight";
				LD_RUNPATH_SEARCH_PATHS = (
					"$(inherited)",
					"@executable_path/Frameworks",
				);
				MARKETING_VERSION = 1.0;
				PRODUCT_BUNDLE_IDENTIFIER = com.stiversmith.MA;
				PRODUCT_NAME = "$(TARGET_NAME)";
				SWIFT_EMIT_LOC_STRINGS = YES;
				SWIFT_VERSION = 5.0;
				TARGETED_DEVICE_FAMILY = "1,2";
			};
			name = Debug;
		};
		B81763CC2B019B6F000DA7DC /* Release */ = {
			isa = XCBuildConfiguration;
			buildSettings = {
				ASSETCATALOG_COMPILER_APPICON_NAME = AppIcon;
				ASSETCATALOG_COMPILER_GLOBAL_ACCENT_COLOR_NAME = AccentColor;
				CODE_SIGN_STYLE = Automatic;
				CURRENT_PROJECT_VERSION = 1;
				DEVELOPMENT_TEAM = 88QZAZUV46;
				GENERATE_INFOPLIST_FILE = YES;
				INFOPLIST_FILE = MA/Info.plist;
				INFOPLIST_KEY_UIApplicationSupportsIndirectInputEvents = YES;
				INFOPLIST_KEY_UILaunchStoryboardName = LaunchScreen;
				INFOPLIST_KEY_UIMainStoryboardFile = Main;
				INFOPLIST_KEY_UISupportedInterfaceOrientations_iPad = "UIInterfaceOrientationPortrait UIInterfaceOrientationPortraitUpsideDown UIInterfaceOrientationLandscapeLeft UIInterfaceOrientationLandscapeRight";
				INFOPLIST_KEY_UISupportedInterfaceOrientations_iPhone = "UIInterfaceOrientationPortrait UIInterfaceOrientationLandscapeLeft UIInterfaceOrientationLandscapeRight";
				LD_RUNPATH_SEARCH_PATHS = (
					"$(inherited)",
					"@executable_path/Frameworks",
				);
				MARKETING_VERSION = 1.0;
				PRODUCT_BUNDLE_IDENTIFIER = com.stiversmith.MA;
				PRODUCT_NAME = "$(TARGET_NAME)";
				SWIFT_EMIT_LOC_STRINGS = YES;
				SWIFT_VERSION = 5.0;
				TARGETED_DEVICE_FAMILY = "1,2";
			};
			name = Release;
		};
/* End XCBuildConfiguration section */

/* Begin XCConfigurationList section */
		B81763B12B019B6E000DA7DC /* Build configuration list for PBXProject "MA" */ = {
			isa = XCConfigurationList;
			buildConfigurations = (
				B81763C82B019B6F000DA7DC /* Debug */,
				B81763C92B019B6F000DA7DC /* Release */,
			);
			defaultConfigurationIsVisible = 0;
			defaultConfigurationName = Release;
		};
		B81763CA2B019B6F000DA7DC /* Build configuration list for PBXNativeTarget "MA" */ = {
			isa = XCConfigurationList;
			buildConfigurations = (
				B81763CB2B019B6F000DA7DC /* Debug */,
				B81763CC2B019B6F000DA7DC /* Release */,
			);
			defaultConfigurationIsVisible = 0;
			defaultConfigurationName = Release;
		};
/* End XCConfigurationList section */
	};
	rootObject = B81763AE2B019B6E000DA7DC /* Project object */;
}
