// !$*UTF8*$!
{
	archiveVersion = 1;
	classes = {
	};
	objectVersion = 56;
	objects = {

/* Begin PBXBuildFile section */
		B81707D62B6F3282007E522C /* SearchBarDelegateSDTVC.swift in Sources */ = {isa = PBXBuildFile; fileRef = B81707D52B6F3282007E522C /* SearchBarDelegateSDTVC.swift */; };
		B81707D82B6F34BD007E522C /* SearchBarDelegateLTVC.swift in Sources */ = {isa = PBXBuildFile; fileRef = B81707D72B6F34BD007E522C /* SearchBarDelegateLTVC.swift */; };
		B81707DA2B6F37FE007E522C /* ExtensionImageVC.swift in Sources */ = {isa = PBXBuildFile; fileRef = B81707D92B6F37FE007E522C /* ExtensionImageVC.swift */; };
		B81763BA2B019B6E000DA7DC /* AppDelegate.swift in Sources */ = {isa = PBXBuildFile; fileRef = B81763B92B019B6E000DA7DC /* AppDelegate.swift */; };
		B81763BC2B019B6E000DA7DC /* SceneDelegate.swift in Sources */ = {isa = PBXBuildFile; fileRef = B81763BB2B019B6E000DA7DC /* SceneDelegate.swift */; };
		B81763C12B019B6E000DA7DC /* Main.storyboard in Resources */ = {isa = PBXBuildFile; fileRef = B81763BF2B019B6E000DA7DC /* Main.storyboard */; };
		B81763C32B019B6F000DA7DC /* Assets.xcassets in Resources */ = {isa = PBXBuildFile; fileRef = B81763C22B019B6F000DA7DC /* Assets.xcassets */; };
		B81763C62B019B6F000DA7DC /* LaunchScreen.storyboard in Resources */ = {isa = PBXBuildFile; fileRef = B81763C42B019B6F000DA7DC /* LaunchScreen.storyboard */; };
		B81763D02B01A3EE000DA7DC /* MainVC.swift in Sources */ = {isa = PBXBuildFile; fileRef = B81763CF2B01A3EE000DA7DC /* MainVC.swift */; };
		B81763D22B01B836000DA7DC /* TextVC.swift in Sources */ = {isa = PBXBuildFile; fileRef = B81763D12B01B836000DA7DC /* TextVC.swift */; };
		B81C28622B15877300B3F106 /* DictionaryLists.swift in Sources */ = {isa = PBXBuildFile; fileRef = B81C28612B15877300B3F106 /* DictionaryLists.swift */; };
		B82E46C92B71D8F900B3FEBF /* AnimationControllerTests.swift in Sources */ = {isa = PBXBuildFile; fileRef = B82E46C82B71D8F900B3FEBF /* AnimationControllerTests.swift */; };
		B82E46D22B71DE9B00B3FEBF /* TextRecognizerTests.swift in Sources */ = {isa = PBXBuildFile; fileRef = B82E46D12B71DE9B00B3FEBF /* TextRecognizerTests.swift */; };
		B82E46D42B71DFDA00B3FEBF /* TranslaterTests.swift in Sources */ = {isa = PBXBuildFile; fileRef = B82E46D32B71DFDA00B3FEBF /* TranslaterTests.swift */; };
		B82E46D82B71E18F00B3FEBF /* AlertHandlerTranslatedTests.swift in Sources */ = {isa = PBXBuildFile; fileRef = B82E46D72B71E18F00B3FEBF /* AlertHandlerTranslatedTests.swift */; };
		B82E46DA2B71E1BE00B3FEBF /* GetSentenceTests.swift in Sources */ = {isa = PBXBuildFile; fileRef = B82E46D92B71E1BE00B3FEBF /* GetSentenceTests.swift */; };
		B82E46DC2B71E25100B3FEBF /* WordManagerTests.swift in Sources */ = {isa = PBXBuildFile; fileRef = B82E46DB2B71E25100B3FEBF /* WordManagerTests.swift */; };
		B8A8BB232B4CFF9E00CAB17C /* ListTVC.swift in Sources */ = {isa = PBXBuildFile; fileRef = B8A8BB222B4CFF9E00CAB17C /* ListTVC.swift */; };
		B8A8BB262B4D031400CAB17C /* ListCellTVC.swift in Sources */ = {isa = PBXBuildFile; fileRef = B8A8BB242B4D031400CAB17C /* ListCellTVC.swift */; };
		B8A8BB272B4D031400CAB17C /* ListCellTVC.xib in Resources */ = {isa = PBXBuildFile; fileRef = B8A8BB252B4D031400CAB17C /* ListCellTVC.xib */; };
		B8BDD0202B1D6E7400988B4D /* SwiftyJSON in Frameworks */ = {isa = PBXBuildFile; productRef = B8BDD01F2B1D6E7400988B4D /* SwiftyJSON */; };
		B8BDD0222B1D7AE100988B4D /* WordCount.swift in Sources */ = {isa = PBXBuildFile; fileRef = B8BDD0212B1D7AE100988B4D /* WordCount.swift */; };
		B8BDD0242B1D8D5B00988B4D /* UIAnimationController.swift in Sources */ = {isa = PBXBuildFile; fileRef = B8BDD0232B1D8D5B00988B4D /* UIAnimationController.swift */; };
		B8BDD0292B22D09000988B4D /* ImageFetcher.swift in Sources */ = {isa = PBXBuildFile; fileRef = B8BDD0282B22D09000988B4D /* ImageFetcher.swift */; };
		B8BDD02F2B242EA000988B4D /* SearchBarDelegateDTVC.swift in Sources */ = {isa = PBXBuildFile; fileRef = B8BDD02E2B242EA000988B4D /* SearchBarDelegateDTVC.swift */; };
		B8BDD0312B242F5300988B4D /* CellUpdater.swift in Sources */ = {isa = PBXBuildFile; fileRef = B8BDD0302B242F5300988B4D /* CellUpdater.swift */; };
		B8BDD0332B24312700988B4D /* WordFilter.swift in Sources */ = {isa = PBXBuildFile; fileRef = B8BDD0322B24312700988B4D /* WordFilter.swift */; };
		B8BDD0352B2432E200988B4D /* AlertHandler.swift in Sources */ = {isa = PBXBuildFile; fileRef = B8BDD0342B2432E200988B4D /* AlertHandler.swift */; };
		B8BDD0372B2436A200988B4D /* AlertHandlerTranslated.swift in Sources */ = {isa = PBXBuildFile; fileRef = B8BDD0362B2436A200988B4D /* AlertHandlerTranslated.swift */; };
		B8BDD03A2B24399400988B4D /* GetSentence.swift in Sources */ = {isa = PBXBuildFile; fileRef = B8BDD0392B24399400988B4D /* GetSentence.swift */; };
		B8C435112B01F6D7009E21C3 /* Drafts.swift in Sources */ = {isa = PBXBuildFile; fileRef = B8C435102B01F6D7009E21C3 /* Drafts.swift */; };
		B8C435152B01FE08009E21C3 /* ImageVC.swift in Sources */ = {isa = PBXBuildFile; fileRef = B8C435142B01FE08009E21C3 /* ImageVC.swift */; };
		B8C435182B02AFB8009E21C3 /* TextRecognizer.swift in Sources */ = {isa = PBXBuildFile; fileRef = B8C435172B02AFB8009E21C3 /* TextRecognizer.swift */; };
		B8C435202B03112E009E21C3 /* WordLists.swift in Sources */ = {isa = PBXBuildFile; fileRef = B8C4351F2B03112E009E21C3 /* WordLists.swift */; };
		B8C435222B0312E5009E21C3 /* DictionaryTVC.swift in Sources */ = {isa = PBXBuildFile; fileRef = B8C435212B0312E5009E21C3 /* DictionaryTVC.swift */; };
		B8C435242B049257009E21C3 /* WordProcessor.swift in Sources */ = {isa = PBXBuildFile; fileRef = B8C435232B049257009E21C3 /* WordProcessor.swift */; };
		B8C4352E2B06F6A0009E21C3 /* Realm in Frameworks */ = {isa = PBXBuildFile; productRef = B8C4352D2B06F6A0009E21C3 /* Realm */; };
		B8C435302B06F6A0009E21C3 /* RealmSwift in Frameworks */ = {isa = PBXBuildFile; productRef = B8C4352F2B06F6A0009E21C3 /* RealmSwift */; };
		B8C435332B06F6DB009E21C3 /* Storage.swift in Sources */ = {isa = PBXBuildFile; fileRef = B8C435322B06F6DB009E21C3 /* Storage.swift */; };
		B8E404E72B198B9F00889495 /* Translater.swift in Sources */ = {isa = PBXBuildFile; fileRef = B8E404E62B198B9F00889495 /* Translater.swift */; };
		B8E404EA2B19952100889495 /* Alamofire in Frameworks */ = {isa = PBXBuildFile; productRef = B8E404E92B19952100889495 /* Alamofire */; };
		B8E404ED2B19953800889495 /* AlamofireImage in Frameworks */ = {isa = PBXBuildFile; productRef = B8E404EC2B19953800889495 /* AlamofireImage */; };
		B8E404F02B19C91000889495 /* MyCellTVC.swift in Sources */ = {isa = PBXBuildFile; fileRef = B8E404EE2B19C91000889495 /* MyCellTVC.swift */; };
		B8E404F12B19C91000889495 /* MyCellTVC.xib in Resources */ = {isa = PBXBuildFile; fileRef = B8E404EF2B19C91000889495 /* MyCellTVC.xib */; };
		B8E404F72B1AEC7000889495 /* Lottie in Frameworks */ = {isa = PBXBuildFile; productRef = B8E404F62B1AEC7000889495 /* Lottie */; };
		B8E58E7A2B1AF170002CA8EA /* wired-lineal-35-edit.json in Resources */ = {isa = PBXBuildFile; fileRef = B8E58E792B1AF170002CA8EA /* wired-lineal-35-edit.json */; };
		B8FD89512B55F35400A278C4 /* WordManager.swift in Sources */ = {isa = PBXBuildFile; fileRef = B8FD89502B55F35400A278C4 /* WordManager.swift */; };
		B8FD89532B61C44300A278C4 /* SavedDictionaryTVC.swift in Sources */ = {isa = PBXBuildFile; fileRef = B8FD89522B61C44300A278C4 /* SavedDictionaryTVC.swift */; };
/* End PBXBuildFile section */

/* Begin PBXContainerItemProxy section */
		B82E46CA2B71D8F900B3FEBF /* PBXContainerItemProxy */ = {
			isa = PBXContainerItemProxy;
			containerPortal = B81763AE2B019B6E000DA7DC /* Project object */;
			proxyType = 1;
			remoteGlobalIDString = B81763B52B019B6E000DA7DC;
			remoteInfo = MA;
		};
/* End PBXContainerItemProxy section */

/* Begin PBXFileReference section */
		B81707D52B6F3282007E522C /* SearchBarDelegateSDTVC.swift */ = {isa = PBXFileReference; lastKnownFileType = sourcecode.swift; path = SearchBarDelegateSDTVC.swift; sourceTree = "<group>"; };
		B81707D72B6F34BD007E522C /* SearchBarDelegateLTVC.swift */ = {isa = PBXFileReference; lastKnownFileType = sourcecode.swift; path = SearchBarDelegateLTVC.swift; sourceTree = "<group>"; };
		B81707D92B6F37FE007E522C /* ExtensionImageVC.swift */ = {isa = PBXFileReference; lastKnownFileType = sourcecode.swift; path = ExtensionImageVC.swift; sourceTree = "<group>"; };
		B81763B62B019B6E000DA7DC /* MA.app */ = {isa = PBXFileReference; explicitFileType = wrapper.application; includeInIndex = 0; path = MA.app; sourceTree = BUILT_PRODUCTS_DIR; };
		B81763B92B019B6E000DA7DC /* AppDelegate.swift */ = {isa = PBXFileReference; lastKnownFileType = sourcecode.swift; path = AppDelegate.swift; sourceTree = "<group>"; };
		B81763BB2B019B6E000DA7DC /* SceneDelegate.swift */ = {isa = PBXFileReference; lastKnownFileType = sourcecode.swift; path = SceneDelegate.swift; sourceTree = "<group>"; };
		B81763C02B019B6E000DA7DC /* Base */ = {isa = PBXFileReference; lastKnownFileType = file.storyboard; name = Base; path = Base.lproj/Main.storyboard; sourceTree = "<group>"; };
		B81763C22B019B6F000DA7DC /* Assets.xcassets */ = {isa = PBXFileReference; lastKnownFileType = folder.assetcatalog; path = Assets.xcassets; sourceTree = "<group>"; };
		B81763C52B019B6F000DA7DC /* Base */ = {isa = PBXFileReference; lastKnownFileType = file.storyboard; name = Base; path = Base.lproj/LaunchScreen.storyboard; sourceTree = "<group>"; };
		B81763C72B019B6F000DA7DC /* Info.plist */ = {isa = PBXFileReference; lastKnownFileType = text.plist.xml; path = Info.plist; sourceTree = "<group>"; };
		B81763CF2B01A3EE000DA7DC /* MainVC.swift */ = {isa = PBXFileReference; lastKnownFileType = sourcecode.swift; path = MainVC.swift; sourceTree = "<group>"; };
		B81763D12B01B836000DA7DC /* TextVC.swift */ = {isa = PBXFileReference; lastKnownFileType = sourcecode.swift; path = TextVC.swift; sourceTree = "<group>"; };
		B81C28612B15877300B3F106 /* DictionaryLists.swift */ = {isa = PBXFileReference; lastKnownFileType = sourcecode.swift; path = DictionaryLists.swift; sourceTree = "<group>"; };
		B82E46C62B71D8F900B3FEBF /* MATests.xctest */ = {isa = PBXFileReference; explicitFileType = wrapper.cfbundle; includeInIndex = 0; path = MATests.xctest; sourceTree = BUILT_PRODUCTS_DIR; };
		B82E46C82B71D8F900B3FEBF /* AnimationControllerTests.swift */ = {isa = PBXFileReference; lastKnownFileType = sourcecode.swift; path = AnimationControllerTests.swift; sourceTree = "<group>"; };
		B82E46D12B71DE9B00B3FEBF /* TextRecognizerTests.swift */ = {isa = PBXFileReference; lastKnownFileType = sourcecode.swift; path = TextRecognizerTests.swift; sourceTree = "<group>"; };
		B82E46D32B71DFDA00B3FEBF /* TranslaterTests.swift */ = {isa = PBXFileReference; lastKnownFileType = sourcecode.swift; path = TranslaterTests.swift; sourceTree = "<group>"; };
		B82E46D72B71E18F00B3FEBF /* AlertHandlerTranslatedTests.swift */ = {isa = PBXFileReference; lastKnownFileType = sourcecode.swift; path = AlertHandlerTranslatedTests.swift; sourceTree = "<group>"; };
		B82E46D92B71E1BE00B3FEBF /* GetSentenceTests.swift */ = {isa = PBXFileReference; lastKnownFileType = sourcecode.swift; path = GetSentenceTests.swift; sourceTree = "<group>"; };
		B82E46DB2B71E25100B3FEBF /* WordManagerTests.swift */ = {isa = PBXFileReference; lastKnownFileType = sourcecode.swift; path = WordManagerTests.swift; sourceTree = "<group>"; };
		B8A8BB222B4CFF9E00CAB17C /* ListTVC.swift */ = {isa = PBXFileReference; lastKnownFileType = sourcecode.swift; path = ListTVC.swift; sourceTree = "<group>"; };
		B8A8BB242B4D031400CAB17C /* ListCellTVC.swift */ = {isa = PBXFileReference; lastKnownFileType = sourcecode.swift; path = ListCellTVC.swift; sourceTree = "<group>"; };
		B8A8BB252B4D031400CAB17C /* ListCellTVC.xib */ = {isa = PBXFileReference; lastKnownFileType = file.xib; path = ListCellTVC.xib; sourceTree = "<group>"; };
		B8BDD0212B1D7AE100988B4D /* WordCount.swift */ = {isa = PBXFileReference; lastKnownFileType = sourcecode.swift; path = WordCount.swift; sourceTree = "<group>"; };
		B8BDD0232B1D8D5B00988B4D /* UIAnimationController.swift */ = {isa = PBXFileReference; lastKnownFileType = sourcecode.swift; path = UIAnimationController.swift; sourceTree = "<group>"; };
		B8BDD0282B22D09000988B4D /* ImageFetcher.swift */ = {isa = PBXFileReference; lastKnownFileType = sourcecode.swift; path = ImageFetcher.swift; sourceTree = "<group>"; };
		B8BDD02E2B242EA000988B4D /* SearchBarDelegateDTVC.swift */ = {isa = PBXFileReference; lastKnownFileType = sourcecode.swift; path = SearchBarDelegateDTVC.swift; sourceTree = "<group>"; };
		B8BDD0302B242F5300988B4D /* CellUpdater.swift */ = {isa = PBXFileReference; lastKnownFileType = sourcecode.swift; path = CellUpdater.swift; sourceTree = "<group>"; };
		B8BDD0322B24312700988B4D /* WordFilter.swift */ = {isa = PBXFileReference; lastKnownFileType = sourcecode.swift; path = WordFilter.swift; sourceTree = "<group>"; };
		B8BDD0342B2432E200988B4D /* AlertHandler.swift */ = {isa = PBXFileReference; lastKnownFileType = sourcecode.swift; path = AlertHandler.swift; sourceTree = "<group>"; };
		B8BDD0362B2436A200988B4D /* AlertHandlerTranslated.swift */ = {isa = PBXFileReference; lastKnownFileType = sourcecode.swift; path = AlertHandlerTranslated.swift; sourceTree = "<group>"; };
		B8BDD0392B24399400988B4D /* GetSentence.swift */ = {isa = PBXFileReference; lastKnownFileType = sourcecode.swift; path = GetSentence.swift; sourceTree = "<group>"; };
		B8C435102B01F6D7009E21C3 /* Drafts.swift */ = {isa = PBXFileReference; lastKnownFileType = sourcecode.swift; path = Drafts.swift; sourceTree = "<group>"; };
		B8C435142B01FE08009E21C3 /* ImageVC.swift */ = {isa = PBXFileReference; lastKnownFileType = sourcecode.swift; path = ImageVC.swift; sourceTree = "<group>"; };
		B8C435172B02AFB8009E21C3 /* TextRecognizer.swift */ = {isa = PBXFileReference; lastKnownFileType = sourcecode.swift; path = TextRecognizer.swift; sourceTree = "<group>"; };
		B8C4351F2B03112E009E21C3 /* WordLists.swift */ = {isa = PBXFileReference; lastKnownFileType = sourcecode.swift; path = WordLists.swift; sourceTree = "<group>"; };
		B8C435212B0312E5009E21C3 /* DictionaryTVC.swift */ = {isa = PBXFileReference; lastKnownFileType = sourcecode.swift; path = DictionaryTVC.swift; sourceTree = "<group>"; };
		B8C435232B049257009E21C3 /* WordProcessor.swift */ = {isa = PBXFileReference; lastKnownFileType = sourcecode.swift; path = WordProcessor.swift; sourceTree = "<group>"; };
		B8C435322B06F6DB009E21C3 /* Storage.swift */ = {isa = PBXFileReference; lastKnownFileType = sourcecode.swift; path = Storage.swift; sourceTree = "<group>"; };
		B8E404E62B198B9F00889495 /* Translater.swift */ = {isa = PBXFileReference; lastKnownFileType = sourcecode.swift; path = Translater.swift; sourceTree = "<group>"; };
		B8E404EE2B19C91000889495 /* MyCellTVC.swift */ = {isa = PBXFileReference; lastKnownFileType = sourcecode.swift; path = MyCellTVC.swift; sourceTree = "<group>"; };
		B8E404EF2B19C91000889495 /* MyCellTVC.xib */ = {isa = PBXFileReference; lastKnownFileType = file.xib; path = MyCellTVC.xib; sourceTree = "<group>"; };
		B8E58E792B1AF170002CA8EA /* wired-lineal-35-edit.json */ = {isa = PBXFileReference; fileEncoding = 4; lastKnownFileType = text.json; name = "wired-lineal-35-edit.json"; path = "PICS/wired-lineal-35-edit.json"; sourceTree = SOURCE_ROOT; };
		B8FD89502B55F35400A278C4 /* WordManager.swift */ = {isa = PBXFileReference; lastKnownFileType = sourcecode.swift; path = WordManager.swift; sourceTree = "<group>"; };
		B8FD89522B61C44300A278C4 /* SavedDictionaryTVC.swift */ = {isa = PBXFileReference; lastKnownFileType = sourcecode.swift; path = SavedDictionaryTVC.swift; sourceTree = "<group>"; };
/* End PBXFileReference section */

/* Begin PBXFrameworksBuildPhase section */
		B81763B32B019B6E000DA7DC /* Frameworks */ = {
			isa = PBXFrameworksBuildPhase;
			buildActionMask = 2147483647;
			files = (
				B8BDD0202B1D6E7400988B4D /* SwiftyJSON in Frameworks */,
				B8E404F72B1AEC7000889495 /* Lottie in Frameworks */,
				B8E404EA2B19952100889495 /* Alamofire in Frameworks */,
				B8E404ED2B19953800889495 /* AlamofireImage in Frameworks */,
				B8C435302B06F6A0009E21C3 /* RealmSwift in Frameworks */,
				B8C4352E2B06F6A0009E21C3 /* Realm in Frameworks */,
			);
			runOnlyForDeploymentPostprocessing = 0;
		};
		B82E46C32B71D8F900B3FEBF /* Frameworks */ = {
			isa = PBXFrameworksBuildPhase;
			buildActionMask = 2147483647;
			files = (
			);
			runOnlyForDeploymentPostprocessing = 0;
		};
/* End PBXFrameworksBuildPhase section */

/* Begin PBXGroup section */
		B81763AD2B019B6E000DA7DC = {
			isa = PBXGroup;
			children = (
				B81763B82B019B6E000DA7DC /* MA */,
				B82E46C72B71D8F900B3FEBF /* MATests */,
				B81763B72B019B6E000DA7DC /* Products */,
			);
			sourceTree = "<group>";
		};
		B81763B72B019B6E000DA7DC /* Products */ = {
			isa = PBXGroup;
			children = (
				B81763B62B019B6E000DA7DC /* MA.app */,
				B82E46C62B71D8F900B3FEBF /* MATests.xctest */,
			);
			name = Products;
			sourceTree = "<group>";
		};
		B81763B82B019B6E000DA7DC /* MA */ = {
			isa = PBXGroup;
			children = (
				B8C4351C2B02CC3F009E21C3 /* VC */,
				B8C435162B02AF8F009E21C3 /* Functions */,
				B8C4351D2B03110F009E21C3 /* Data */,
				B8C435312B06F6B1009E21C3 /* Storage */,
				B8C435272B0693D5009E21C3 /* Cell */,
				B8C435122B01F940009E21C3 /* Screen */,
				B8E58E782B1AF0F3002CA8EA /* Pics */,
				B8C435192B02CB66009E21C3 /* Extensions */,
				B81763C22B019B6F000DA7DC /* Assets.xcassets */,
				B81763C72B019B6F000DA7DC /* Info.plist */,
				B81763B92B019B6E000DA7DC /* AppDelegate.swift */,
				B81763BB2B019B6E000DA7DC /* SceneDelegate.swift */,
				B8C4350F2B01F6BF009E21C3 /* Notes */,
			);
			path = MA;
			sourceTree = "<group>";
		};
		B82E46C72B71D8F900B3FEBF /* MATests */ = {
			isa = PBXGroup;
			children = (
				B82E46C82B71D8F900B3FEBF /* AnimationControllerTests.swift */,
				B82E46D12B71DE9B00B3FEBF /* TextRecognizerTests.swift */,
				B82E46D32B71DFDA00B3FEBF /* TranslaterTests.swift */,
				B82E46D72B71E18F00B3FEBF /* AlertHandlerTranslatedTests.swift */,
				B82E46D92B71E1BE00B3FEBF /* GetSentenceTests.swift */,
				B82E46DB2B71E25100B3FEBF /* WordManagerTests.swift */,
			);
			path = MATests;
			sourceTree = "<group>";
		};
		B8C4350F2B01F6BF009E21C3 /* Notes */ = {
			isa = PBXGroup;
			children = (
				B8C435102B01F6D7009E21C3 /* Drafts.swift */,
			);
			path = Notes;
			sourceTree = "<group>";
		};
		B8C435122B01F940009E21C3 /* Screen */ = {
			isa = PBXGroup;
			children = (
				B81763BF2B019B6E000DA7DC /* Main.storyboard */,
				B81763C42B019B6F000DA7DC /* LaunchScreen.storyboard */,
			);
			path = Screen;
			sourceTree = "<group>";
		};
		B8C435162B02AF8F009E21C3 /* Functions */ = {
			isa = PBXGroup;
			children = (
				B8BDD0232B1D8D5B00988B4D /* UIAnimationController.swift */,
				B8C435232B049257009E21C3 /* WordProcessor.swift */,
				B8C435172B02AFB8009E21C3 /* TextRecognizer.swift */,
				B8E404E62B198B9F00889495 /* Translater.swift */,
				B8BDD0212B1D7AE100988B4D /* WordCount.swift */,
				B8BDD0282B22D09000988B4D /* ImageFetcher.swift */,
				B8BDD0302B242F5300988B4D /* CellUpdater.swift */,
				B8BDD0322B24312700988B4D /* WordFilter.swift */,
				B8BDD0342B2432E200988B4D /* AlertHandler.swift */,
				B8BDD0362B2436A200988B4D /* AlertHandlerTranslated.swift */,
				B8BDD0392B24399400988B4D /* GetSentence.swift */,
				B8FD89502B55F35400A278C4 /* WordManager.swift */,
			);
			path = Functions;
			sourceTree = "<group>";
		};
		B8C435192B02CB66009E21C3 /* Extensions */ = {
			isa = PBXGroup;
			children = (
				B8BDD02E2B242EA000988B4D /* SearchBarDelegateDTVC.swift */,
				B81707D52B6F3282007E522C /* SearchBarDelegateSDTVC.swift */,
				B81707D72B6F34BD007E522C /* SearchBarDelegateLTVC.swift */,
				B81707D92B6F37FE007E522C /* ExtensionImageVC.swift */,
			);
			path = Extensions;
			sourceTree = "<group>";
		};
		B8C4351C2B02CC3F009E21C3 /* VC */ = {
			isa = PBXGroup;
			children = (
				B81763CF2B01A3EE000DA7DC /* MainVC.swift */,
				B81763D12B01B836000DA7DC /* TextVC.swift */,
				B8C435142B01FE08009E21C3 /* ImageVC.swift */,
				B8C435212B0312E5009E21C3 /* DictionaryTVC.swift */,
				B8A8BB222B4CFF9E00CAB17C /* ListTVC.swift */,
				B8FD89522B61C44300A278C4 /* SavedDictionaryTVC.swift */,
			);
			path = VC;
			sourceTree = "<group>";
		};
		B8C4351D2B03110F009E21C3 /* Data */ = {
			isa = PBXGroup;
			children = (
				B8C4351F2B03112E009E21C3 /* WordLists.swift */,
				B81C28612B15877300B3F106 /* DictionaryLists.swift */,
			);
			path = Data;
			sourceTree = "<group>";
		};
		B8C435272B0693D5009E21C3 /* Cell */ = {
			isa = PBXGroup;
			children = (
				B8E404EE2B19C91000889495 /* MyCellTVC.swift */,
				B8E404EF2B19C91000889495 /* MyCellTVC.xib */,
				B8A8BB242B4D031400CAB17C /* ListCellTVC.swift */,
				B8A8BB252B4D031400CAB17C /* ListCellTVC.xib */,
			);
			path = Cell;
			sourceTree = "<group>";
		};
		B8C435312B06F6B1009E21C3 /* Storage */ = {
			isa = PBXGroup;
			children = (
				B8C435322B06F6DB009E21C3 /* Storage.swift */,
			);
			path = Storage;
			sourceTree = "<group>";
		};
		B8E58E782B1AF0F3002CA8EA /* Pics */ = {
			isa = PBXGroup;
			children = (
				B8E58E792B1AF170002CA8EA /* wired-lineal-35-edit.json */,
			);
			path = Pics;
			sourceTree = "<group>";
		};
/* End PBXGroup section */

/* Begin PBXNativeTarget section */
		B81763B52B019B6E000DA7DC /* MA */ = {
			isa = PBXNativeTarget;
			buildConfigurationList = B81763CA2B019B6F000DA7DC /* Build configuration list for PBXNativeTarget "MA" */;
			buildPhases = (
				B81763B22B019B6E000DA7DC /* Sources */,
				B81763B32B019B6E000DA7DC /* Frameworks */,
				B81763B42B019B6E000DA7DC /* Resources */,
			);
			buildRules = (
			);
			dependencies = (
			);
			name = MA;
			packageProductDependencies = (
				B8C4352D2B06F6A0009E21C3 /* Realm */,
				B8C4352F2B06F6A0009E21C3 /* RealmSwift */,
				B8E404E92B19952100889495 /* Alamofire */,
				B8E404EC2B19953800889495 /* AlamofireImage */,
				B8E404F62B1AEC7000889495 /* Lottie */,
				B8BDD01F2B1D6E7400988B4D /* SwiftyJSON */,
			);
			productName = MA;
			productReference = B81763B62B019B6E000DA7DC /* MA.app */;
			productType = "com.apple.product-type.application";
		};
		B82E46C52B71D8F900B3FEBF /* MATests */ = {
			isa = PBXNativeTarget;
			buildConfigurationList = B82E46CC2B71D8F900B3FEBF /* Build configuration list for PBXNativeTarget "MATests" */;
			buildPhases = (
				B82E46C22B71D8F900B3FEBF /* Sources */,
				B82E46C32B71D8F900B3FEBF /* Frameworks */,
				B82E46C42B71D8F900B3FEBF /* Resources */,
			);
			buildRules = (
			);
			dependencies = (
				B82E46CB2B71D8F900B3FEBF /* PBXTargetDependency */,
			);
			name = MATests;
			productName = MATests;
			productReference = B82E46C62B71D8F900B3FEBF /* MATests.xctest */;
			productType = "com.apple.product-type.bundle.unit-test";
		};
/* End PBXNativeTarget section */

/* Begin PBXProject section */
		B81763AE2B019B6E000DA7DC /* Project object */ = {
			isa = PBXProject;
			attributes = {
				BuildIndependentTargetsInParallel = 1;
				LastSwiftUpdateCheck = 1520;
				LastUpgradeCheck = 1500;
				TargetAttributes = {
					B81763B52B019B6E000DA7DC = {
						CreatedOnToolsVersion = 15.0.1;
					};
					B82E46C52B71D8F900B3FEBF = {
						CreatedOnToolsVersion = 15.2;
						TestTargetID = B81763B52B019B6E000DA7DC;
					};
				};
			};
			buildConfigurationList = B81763B12B019B6E000DA7DC /* Build configuration list for PBXProject "MA" */;
			compatibilityVersion = "Xcode 14.0";
			developmentRegion = en;
			hasScannedForEncodings = 0;
			knownRegions = (
				en,
				Base,
			);
			mainGroup = B81763AD2B019B6E000DA7DC;
			packageReferences = (
				B8C4352C2B06F6A0009E21C3 /* XCRemoteSwiftPackageReference "realm-swift" */,
				B8E404E82B19952100889495 /* XCRemoteSwiftPackageReference "Alamofire" */,
				B8E404EB2B19953800889495 /* XCRemoteSwiftPackageReference "AlamofireImage" */,
				B8E404F52B1AEC7000889495 /* XCRemoteSwiftPackageReference "lottie-spm" */,
				B8BDD01E2B1D6E7400988B4D /* XCRemoteSwiftPackageReference "SwiftyJSON" */,
			);
			productRefGroup = B81763B72B019B6E000DA7DC /* Products */;
			projectDirPath = "";
			projectRoot = "";
			targets = (
				B81763B52B019B6E000DA7DC /* MA */,
				B82E46C52B71D8F900B3FEBF /* MATests */,
			);
		};
/* End PBXProject section */

/* Begin PBXResourcesBuildPhase section */
		B81763B42B019B6E000DA7DC /* Resources */ = {
			isa = PBXResourcesBuildPhase;
			buildActionMask = 2147483647;
			files = (
				B8E58E7A2B1AF170002CA8EA /* wired-lineal-35-edit.json in Resources */,
				B8E404F12B19C91000889495 /* MyCellTVC.xib in Resources */,
				B81763C62B019B6F000DA7DC /* LaunchScreen.storyboard in Resources */,
				B8A8BB272B4D031400CAB17C /* ListCellTVC.xib in Resources */,
				B81763C32B019B6F000DA7DC /* Assets.xcassets in Resources */,
				B81763C12B019B6E000DA7DC /* Main.storyboard in Resources */,
			);
			runOnlyForDeploymentPostprocessing = 0;
		};
		B82E46C42B71D8F900B3FEBF /* Resources */ = {
			isa = PBXResourcesBuildPhase;
			buildActionMask = 2147483647;
			files = (
			);
			runOnlyForDeploymentPostprocessing = 0;
		};
/* End PBXResourcesBuildPhase section */

/* Begin PBXSourcesBuildPhase section */
		B81763B22B019B6E000DA7DC /* Sources */ = {
			isa = PBXSourcesBuildPhase;
			buildActionMask = 2147483647;
			files = (
				B8BDD0222B1D7AE100988B4D /* WordCount.swift in Sources */,
				B81763BA2B019B6E000DA7DC /* AppDelegate.swift in Sources */,
				B81763D22B01B836000DA7DC /* TextVC.swift in Sources */,
				B8FD89512B55F35400A278C4 /* WordManager.swift in Sources */,
				B81707D82B6F34BD007E522C /* SearchBarDelegateLTVC.swift in Sources */,
				B8BDD0292B22D09000988B4D /* ImageFetcher.swift in Sources */,
				B81707DA2B6F37FE007E522C /* ExtensionImageVC.swift in Sources */,
				B81707D62B6F3282007E522C /* SearchBarDelegateSDTVC.swift in Sources */,
				B8E404E72B198B9F00889495 /* Translater.swift in Sources */,
				B8BDD0352B2432E200988B4D /* AlertHandler.swift in Sources */,
				B8A8BB232B4CFF9E00CAB17C /* ListTVC.swift in Sources */,
				B8C435242B049257009E21C3 /* WordProcessor.swift in Sources */,
				B8C435152B01FE08009E21C3 /* ImageVC.swift in Sources */,
				B8BDD0332B24312700988B4D /* WordFilter.swift in Sources */,
				B81763D02B01A3EE000DA7DC /* MainVC.swift in Sources */,
				B8BDD0312B242F5300988B4D /* CellUpdater.swift in Sources */,
				B8C435222B0312E5009E21C3 /* DictionaryTVC.swift in Sources */,
				B8A8BB262B4D031400CAB17C /* ListCellTVC.swift in Sources */,
				B8C435112B01F6D7009E21C3 /* Drafts.swift in Sources */,
				B8C435182B02AFB8009E21C3 /* TextRecognizer.swift in Sources */,
				B81763BC2B019B6E000DA7DC /* SceneDelegate.swift in Sources */,
				B8BDD0372B2436A200988B4D /* AlertHandlerTranslated.swift in Sources */,
				B8C435202B03112E009E21C3 /* WordLists.swift in Sources */,
				B8E404F02B19C91000889495 /* MyCellTVC.swift in Sources */,
				B8BDD03A2B24399400988B4D /* GetSentence.swift in Sources */,
				B8C435332B06F6DB009E21C3 /* Storage.swift in Sources */,
				B8BDD02F2B242EA000988B4D /* SearchBarDelegateDTVC.swift in Sources */,
				B8FD89532B61C44300A278C4 /* SavedDictionaryTVC.swift in Sources */,
				B81C28622B15877300B3F106 /* DictionaryLists.swift in Sources */,
				B8BDD0242B1D8D5B00988B4D /* UIAnimationController.swift in Sources */,
			);
			runOnlyForDeploymentPostprocessing = 0;
		};
		B82E46C22B71D8F900B3FEBF /* Sources */ = {
			isa = PBXSourcesBuildPhase;
			buildActionMask = 2147483647;
			files = (
				B82E46D22B71DE9B00B3FEBF /* TextRecognizerTests.swift in Sources */,
				B82E46C92B71D8F900B3FEBF /* AnimationControllerTests.swift in Sources */,
				B82E46DA2B71E1BE00B3FEBF /* GetSentenceTests.swift in Sources */,
				B82E46D82B71E18F00B3FEBF /* AlertHandlerTranslatedTests.swift in Sources */,
				B82E46D42B71DFDA00B3FEBF /* TranslaterTests.swift in Sources */,
				B82E46DC2B71E25100B3FEBF /* WordManagerTests.swift in Sources */,
			);
			runOnlyForDeploymentPostprocessing = 0;
		};
/* End PBXSourcesBuildPhase section */

/* Begin PBXTargetDependency section */
		B82E46CB2B71D8F900B3FEBF /* PBXTargetDependency */ = {
			isa = PBXTargetDependency;
			target = B81763B52B019B6E000DA7DC /* MA */;
			targetProxy = B82E46CA2B71D8F900B3FEBF /* PBXContainerItemProxy */;
		};
/* End PBXTargetDependency section */

/* Begin PBXVariantGroup section */
		B81763BF2B019B6E000DA7DC /* Main.storyboard */ = {
			isa = PBXVariantGroup;
			children = (
				B81763C02B019B6E000DA7DC /* Base */,
			);
			name = Main.storyboard;
			sourceTree = "<group>";
		};
		B81763C42B019B6F000DA7DC /* LaunchScreen.storyboard */ = {
			isa = PBXVariantGroup;
			children = (
				B81763C52B019B6F000DA7DC /* Base */,
			);
			name = LaunchScreen.storyboard;
			sourceTree = "<group>";
		};
/* End PBXVariantGroup section */

/* Begin XCBuildConfiguration section */
		B81763C82B019B6F000DA7DC /* Debug */ = {
			isa = XCBuildConfiguration;
			buildSettings = {
				ALWAYS_SEARCH_USER_PATHS = NO;
				ASSETCATALOG_COMPILER_GENERATE_SWIFT_ASSET_SYMBOL_EXTENSIONS = YES;
				CLANG_ANALYZER_NONNULL = YES;
				CLANG_ANALYZER_NUMBER_OBJECT_CONVERSION = YES_AGGRESSIVE;
				CLANG_CXX_LANGUAGE_STANDARD = "gnu++20";
				CLANG_ENABLE_MODULES = YES;
				CLANG_ENABLE_OBJC_ARC = YES;
				CLANG_ENABLE_OBJC_WEAK = YES;
				CLANG_WARN_BLOCK_CAPTURE_AUTORELEASING = YES;
				CLANG_WARN_BOOL_CONVERSION = YES;
				CLANG_WARN_COMMA = YES;
				CLANG_WARN_CONSTANT_CONVERSION = YES;
				CLANG_WARN_DEPRECATED_OBJC_IMPLEMENTATIONS = YES;
				CLANG_WARN_DIRECT_OBJC_ISA_USAGE = YES_ERROR;
				CLANG_WARN_DOCUMENTATION_COMMENTS = YES;
				CLANG_WARN_EMPTY_BODY = YES;
				CLANG_WARN_ENUM_CONVERSION = YES;
				CLANG_WARN_INFINITE_RECURSION = YES;
				CLANG_WARN_INT_CONVERSION = YES;
				CLANG_WARN_NON_LITERAL_NULL_CONVERSION = YES;
				CLANG_WARN_OBJC_IMPLICIT_RETAIN_SELF = YES;
				CLANG_WARN_OBJC_LITERAL_CONVERSION = YES;
				CLANG_WARN_OBJC_ROOT_CLASS = YES_ERROR;
				CLANG_WARN_QUOTED_INCLUDE_IN_FRAMEWORK_HEADER = YES;
				CLANG_WARN_RANGE_LOOP_ANALYSIS = YES;
				CLANG_WARN_STRICT_PROTOTYPES = YES;
				CLANG_WARN_SUSPICIOUS_MOVE = YES;
				CLANG_WARN_UNGUARDED_AVAILABILITY = YES_AGGRESSIVE;
				CLANG_WARN_UNREACHABLE_CODE = YES;
				CLANG_WARN__DUPLICATE_METHOD_MATCH = YES;
				COPY_PHASE_STRIP = NO;
				DEBUG_INFORMATION_FORMAT = dwarf;
				ENABLE_STRICT_OBJC_MSGSEND = YES;
				ENABLE_TESTABILITY = YES;
				ENABLE_USER_SCRIPT_SANDBOXING = YES;
				GCC_C_LANGUAGE_STANDARD = gnu17;
				GCC_DYNAMIC_NO_PIC = NO;
				GCC_NO_COMMON_BLOCKS = YES;
				GCC_OPTIMIZATION_LEVEL = 0;
				GCC_PREPROCESSOR_DEFINITIONS = (
					"DEBUG=1",
					"$(inherited)",
				);
				GCC_WARN_64_TO_32_BIT_CONVERSION = YES;
				GCC_WARN_ABOUT_RETURN_TYPE = YES_ERROR;
				GCC_WARN_UNDECLARED_SELECTOR = YES;
				GCC_WARN_UNINITIALIZED_AUTOS = YES_AGGRESSIVE;
				GCC_WARN_UNUSED_FUNCTION = YES;
				GCC_WARN_UNUSED_VARIABLE = YES;
				IPHONEOS_DEPLOYMENT_TARGET = 17.0;
				LOCALIZATION_PREFERS_STRING_CATALOGS = YES;
				MTL_ENABLE_DEBUG_INFO = INCLUDE_SOURCE;
				MTL_FAST_MATH = YES;
				ONLY_ACTIVE_ARCH = YES;
				SDKROOT = iphoneos;
				SWIFT_ACTIVE_COMPILATION_CONDITIONS = "DEBUG $(inherited)";
				SWIFT_OPTIMIZATION_LEVEL = "-Onone";
			};
			name = Debug;
		};
		B81763C92B019B6F000DA7DC /* Release */ = {
			isa = XCBuildConfiguration;
			buildSettings = {
				ALWAYS_SEARCH_USER_PATHS = NO;
				ASSETCATALOG_COMPILER_GENERATE_SWIFT_ASSET_SYMBOL_EXTENSIONS = YES;
				CLANG_ANALYZER_NONNULL = YES;
				CLANG_ANALYZER_NUMBER_OBJECT_CONVERSION = YES_AGGRESSIVE;
				CLANG_CXX_LANGUAGE_STANDARD = "gnu++20";
				CLANG_ENABLE_MODULES = YES;
				CLANG_ENABLE_OBJC_ARC = YES;
				CLANG_ENABLE_OBJC_WEAK = YES;
				CLANG_WARN_BLOCK_CAPTURE_AUTORELEASING = YES;
				CLANG_WARN_BOOL_CONVERSION = YES;
				CLANG_WARN_COMMA = YES;
				CLANG_WARN_CONSTANT_CONVERSION = YES;
				CLANG_WARN_DEPRECATED_OBJC_IMPLEMENTATIONS = YES;
				CLANG_WARN_DIRECT_OBJC_ISA_USAGE = YES_ERROR;
				CLANG_WARN_DOCUMENTATION_COMMENTS = YES;
				CLANG_WARN_EMPTY_BODY = YES;
				CLANG_WARN_ENUM_CONVERSION = YES;
				CLANG_WARN_INFINITE_RECURSION = YES;
				CLANG_WARN_INT_CONVERSION = YES;
				CLANG_WARN_NON_LITERAL_NULL_CONVERSION = YES;
				CLANG_WARN_OBJC_IMPLICIT_RETAIN_SELF = YES;
				CLANG_WARN_OBJC_LITERAL_CONVERSION = YES;
				CLANG_WARN_OBJC_ROOT_CLASS = YES_ERROR;
				CLANG_WARN_QUOTED_INCLUDE_IN_FRAMEWORK_HEADER = YES;
				CLANG_WARN_RANGE_LOOP_ANALYSIS = YES;
				CLANG_WARN_STRICT_PROTOTYPES = YES;
				CLANG_WARN_SUSPICIOUS_MOVE = YES;
				CLANG_WARN_UNGUARDED_AVAILABILITY = YES_AGGRESSIVE;
				CLANG_WARN_UNREACHABLE_CODE = YES;
				CLANG_WARN__DUPLICATE_METHOD_MATCH = YES;
				COPY_PHASE_STRIP = NO;
				DEBUG_INFORMATION_FORMAT = "dwarf-with-dsym";
				ENABLE_NS_ASSERTIONS = NO;
				ENABLE_STRICT_OBJC_MSGSEND = YES;
				ENABLE_USER_SCRIPT_SANDBOXING = YES;
				GCC_C_LANGUAGE_STANDARD = gnu17;
				GCC_NO_COMMON_BLOCKS = YES;
				GCC_WARN_64_TO_32_BIT_CONVERSION = YES;
				GCC_WARN_ABOUT_RETURN_TYPE = YES_ERROR;
				GCC_WARN_UNDECLARED_SELECTOR = YES;
				GCC_WARN_UNINITIALIZED_AUTOS = YES_AGGRESSIVE;
				GCC_WARN_UNUSED_FUNCTION = YES;
				GCC_WARN_UNUSED_VARIABLE = YES;
				IPHONEOS_DEPLOYMENT_TARGET = 17.0;
				LOCALIZATION_PREFERS_STRING_CATALOGS = YES;
				MTL_ENABLE_DEBUG_INFO = NO;
				MTL_FAST_MATH = YES;
				SDKROOT = iphoneos;
				SWIFT_COMPILATION_MODE = wholemodule;
				VALIDATE_PRODUCT = YES;
			};
			name = Release;
		};
		B81763CB2B019B6F000DA7DC /* Debug */ = {
			isa = XCBuildConfiguration;
			buildSettings = {
				ASSETCATALOG_COMPILER_APPICON_NAME = AppIcon;
				ASSETCATALOG_COMPILER_GLOBAL_ACCENT_COLOR_NAME = AccentColor;
				CODE_SIGN_STYLE = Automatic;
				CURRENT_PROJECT_VERSION = 1;
				DEVELOPMENT_TEAM = 88QZAZUV46;
				GENERATE_INFOPLIST_FILE = YES;
				INFOPLIST_FILE = MA/Info.plist;
				INFOPLIST_KEY_UIApplicationSupportsIndirectInputEvents = YES;
				INFOPLIST_KEY_UILaunchStoryboardName = LaunchScreen;
				INFOPLIST_KEY_UIMainStoryboardFile = Main;
				INFOPLIST_KEY_UISupportedInterfaceOrientations_iPad = "UIInterfaceOrientationPortrait UIInterfaceOrientationPortraitUpsideDown UIInterfaceOrientationLandscapeLeft UIInterfaceOrientationLandscapeRight";
				INFOPLIST_KEY_UISupportedInterfaceOrientations_iPhone = "UIInterfaceOrientationPortrait UIInterfaceOrientationLandscapeLeft UIInterfaceOrientationLandscapeRight";
				LD_RUNPATH_SEARCH_PATHS = (
					"$(inherited)",
					"@executable_path/Frameworks",
				);
				MARKETING_VERSION = 1.0;
				PRODUCT_BUNDLE_IDENTIFIER = com.stiversmith.MA;
				PRODUCT_NAME = "$(TARGET_NAME)";
				SWIFT_EMIT_LOC_STRINGS = YES;
				SWIFT_VERSION = 5.0;
				TARGETED_DEVICE_FAMILY = "1,2";
			};
			name = Debug;
		};
		B81763CC2B019B6F000DA7DC /* Release */ = {
			isa = XCBuildConfiguration;
			buildSettings = {
				ASSETCATALOG_COMPILER_APPICON_NAME = AppIcon;
				ASSETCATALOG_COMPILER_GLOBAL_ACCENT_COLOR_NAME = AccentColor;
				CODE_SIGN_STYLE = Automatic;
				CURRENT_PROJECT_VERSION = 1;
				DEVELOPMENT_TEAM = 88QZAZUV46;
				GENERATE_INFOPLIST_FILE = YES;
				INFOPLIST_FILE = MA/Info.plist;
				INFOPLIST_KEY_UIApplicationSupportsIndirectInputEvents = YES;
				INFOPLIST_KEY_UILaunchStoryboardName = LaunchScreen;
				INFOPLIST_KEY_UIMainStoryboardFile = Main;
				INFOPLIST_KEY_UISupportedInterfaceOrientations_iPad = "UIInterfaceOrientationPortrait UIInterfaceOrientationPortraitUpsideDown UIInterfaceOrientationLandscapeLeft UIInterfaceOrientationLandscapeRight";
				INFOPLIST_KEY_UISupportedInterfaceOrientations_iPhone = "UIInterfaceOrientationPortrait UIInterfaceOrientationLandscapeLeft UIInterfaceOrientationLandscapeRight";
				LD_RUNPATH_SEARCH_PATHS = (
					"$(inherited)",
					"@executable_path/Frameworks",
				);
				MARKETING_VERSION = 1.0;
				PRODUCT_BUNDLE_IDENTIFIER = com.stiversmith.MA;
				PRODUCT_NAME = "$(TARGET_NAME)";
				SWIFT_EMIT_LOC_STRINGS = YES;
				SWIFT_VERSION = 5.0;
				TARGETED_DEVICE_FAMILY = "1,2";
			};
			name = Release;
		};
		B82E46CD2B71D8F900B3FEBF /* Debug */ = {
			isa = XCBuildConfiguration;
			buildSettings = {
				BUNDLE_LOADER = "$(TEST_HOST)";
				CODE_SIGN_STYLE = Automatic;
				CURRENT_PROJECT_VERSION = 1;
				DEVELOPMENT_TEAM = 88QZAZUV46;
				GENERATE_INFOPLIST_FILE = YES;
				IPHONEOS_DEPLOYMENT_TARGET = 17.0;
				MARKETING_VERSION = 1.0;
				PRODUCT_BUNDLE_IDENTIFIER = com.stiversmith.MATests;
				PRODUCT_NAME = "$(TARGET_NAME)";
				SWIFT_EMIT_LOC_STRINGS = NO;
				SWIFT_VERSION = 5.0;
				TARGETED_DEVICE_FAMILY = "1,2";
				TEST_HOST = "$(BUILT_PRODUCTS_DIR)/MA.app/$(BUNDLE_EXECUTABLE_FOLDER_PATH)/MA";
			};
			name = Debug;
		};
		B82E46CE2B71D8F900B3FEBF /* Release */ = {
			isa = XCBuildConfiguration;
			buildSettings = {
				BUNDLE_LOADER = "$(TEST_HOST)";
				CODE_SIGN_STYLE = Automatic;
				CURRENT_PROJECT_VERSION = 1;
				DEVELOPMENT_TEAM = 88QZAZUV46;
				GENERATE_INFOPLIST_FILE = YES;
				IPHONEOS_DEPLOYMENT_TARGET = 17.0;
				MARKETING_VERSION = 1.0;
				PRODUCT_BUNDLE_IDENTIFIER = com.stiversmith.MATests;
				PRODUCT_NAME = "$(TARGET_NAME)";
				SWIFT_EMIT_LOC_STRINGS = NO;
				SWIFT_VERSION = 5.0;
				TARGETED_DEVICE_FAMILY = "1,2";
				TEST_HOST = "$(BUILT_PRODUCTS_DIR)/MA.app/$(BUNDLE_EXECUTABLE_FOLDER_PATH)/MA";
			};
			name = Release;
		};
/* End XCBuildConfiguration section */

/* Begin XCConfigurationList section */
		B81763B12B019B6E000DA7DC /* Build configuration list for PBXProject "MA" */ = {
			isa = XCConfigurationList;
			buildConfigurations = (
				B81763C82B019B6F000DA7DC /* Debug */,
				B81763C92B019B6F000DA7DC /* Release */,
			);
			defaultConfigurationIsVisible = 0;
			defaultConfigurationName = Release;
		};
		B81763CA2B019B6F000DA7DC /* Build configuration list for PBXNativeTarget "MA" */ = {
			isa = XCConfigurationList;
			buildConfigurations = (
				B81763CB2B019B6F000DA7DC /* Debug */,
				B81763CC2B019B6F000DA7DC /* Release */,
			);
			defaultConfigurationIsVisible = 0;
			defaultConfigurationName = Release;
		};
		B82E46CC2B71D8F900B3FEBF /* Build configuration list for PBXNativeTarget "MATests" */ = {
			isa = XCConfigurationList;
			buildConfigurations = (
				B82E46CD2B71D8F900B3FEBF /* Debug */,
				B82E46CE2B71D8F900B3FEBF /* Release */,
			);
			defaultConfigurationIsVisible = 0;
			defaultConfigurationName = Release;
		};
/* End XCConfigurationList section */

/* Begin XCRemoteSwiftPackageReference section */
		B8BDD01E2B1D6E7400988B4D /* XCRemoteSwiftPackageReference "SwiftyJSON" */ = {
			isa = XCRemoteSwiftPackageReference;
			repositoryURL = "https://github.com/SwiftyJSON/SwiftyJSON.git";
			requirement = {
				kind = upToNextMajorVersion;
				minimumVersion = 5.0.1;
			};
		};
		B8C4352C2B06F6A0009E21C3 /* XCRemoteSwiftPackageReference "realm-swift" */ = {
			isa = XCRemoteSwiftPackageReference;
			repositoryURL = "https://github.com/realm/realm-swift";
			requirement = {
				kind = upToNextMajorVersion;
				minimumVersion = 10.44.0;
			};
		};
		B8E404E82B19952100889495 /* XCRemoteSwiftPackageReference "Alamofire" */ = {
			isa = XCRemoteSwiftPackageReference;
			repositoryURL = "https://github.com/Alamofire/Alamofire.git";
			requirement = {
				kind = upToNextMajorVersion;
				minimumVersion = 5.8.1;
			};
		};
		B8E404EB2B19953800889495 /* XCRemoteSwiftPackageReference "AlamofireImage" */ = {
			isa = XCRemoteSwiftPackageReference;
			repositoryURL = "https://github.com/Alamofire/AlamofireImage.git";
			requirement = {
				kind = upToNextMajorVersion;
				minimumVersion = 4.3.0;
			};
		};
		B8E404F52B1AEC7000889495 /* XCRemoteSwiftPackageReference "lottie-spm" */ = {
			isa = XCRemoteSwiftPackageReference;
			repositoryURL = "https://github.com/airbnb/lottie-spm.git";
			requirement = {
				kind = upToNextMajorVersion;
				minimumVersion = 4.3.3;
			};
		};
/* End XCRemoteSwiftPackageReference section */

/* Begin XCSwiftPackageProductDependency section */
		B8BDD01F2B1D6E7400988B4D /* SwiftyJSON */ = {
			isa = XCSwiftPackageProductDependency;
			package = B8BDD01E2B1D6E7400988B4D /* XCRemoteSwiftPackageReference "SwiftyJSON" */;
			productName = SwiftyJSON;
		};
		B8C4352D2B06F6A0009E21C3 /* Realm */ = {
			isa = XCSwiftPackageProductDependency;
			package = B8C4352C2B06F6A0009E21C3 /* XCRemoteSwiftPackageReference "realm-swift" */;
			productName = Realm;
		};
		B8C4352F2B06F6A0009E21C3 /* RealmSwift */ = {
			isa = XCSwiftPackageProductDependency;
			package = B8C4352C2B06F6A0009E21C3 /* XCRemoteSwiftPackageReference "realm-swift" */;
			productName = RealmSwift;
		};
		B8E404E92B19952100889495 /* Alamofire */ = {
			isa = XCSwiftPackageProductDependency;
			package = B8E404E82B19952100889495 /* XCRemoteSwiftPackageReference "Alamofire" */;
			productName = Alamofire;
		};
		B8E404EC2B19953800889495 /* AlamofireImage */ = {
			isa = XCSwiftPackageProductDependency;
			package = B8E404EB2B19953800889495 /* XCRemoteSwiftPackageReference "AlamofireImage" */;
			productName = AlamofireImage;
		};
		B8E404F62B1AEC7000889495 /* Lottie */ = {
			isa = XCSwiftPackageProductDependency;
			package = B8E404F52B1AEC7000889495 /* XCRemoteSwiftPackageReference "lottie-spm" */;
			productName = Lottie;
		};
/* End XCSwiftPackageProductDependency section */
	};
	rootObject = B81763AE2B019B6E000DA7DC /* Project object */;
}
